# Managed by azldev component update. Do not edit manually.
version = 1
import-commit = 'cad9d5a1ed48cf7e9e12cfadfdacc11f523d46cb'
upstream-commit = 'cad9d5a1ed48cf7e9e12cfadfdacc11f523d46cb'
input-fingerprint = 'sha256:31abe275e9b256fb47d618a5b89ce68fc82c1e857bb51cb9b46830f0a313acb9'
resolution-input-hash = 'sha256:0202eb9270e8e00e99a72f294e2d072d2bfb8009bfd6cc7fdd72b7bec3fb3996'
