# Managed by azldev component update. Do not edit manually.
version = 1
import-commit = '6011214a0e0e5c6302d0d59b6e8805d049749420'
upstream-commit = '6011214a0e0e5c6302d0d59b6e8805d049749420'
input-fingerprint = 'sha256:44e6954735cfbb7e9fdcdc2de938e923222164cbdca46af44002eb3006ba6d43'
resolution-input-hash = 'sha256:aa5bcc89986249fcdfffe18cd72d6c06ca089b1525e9d5ebf286dcb165665da7'
