# Managed by azldev component update. Do not edit manually.
version = 1
import-commit = '6011214a0e0e5c6302d0d59b6e8805d049749420'
upstream-commit = '6011214a0e0e5c6302d0d59b6e8805d049749420'
input-fingerprint = 'sha256:1ddcfd1472ca5bcfe509930aa1af4c38a0c058e062e5a9407d1fddcc8e743b20'
resolution-input-hash = 'sha256:aa5bcc89986249fcdfffe18cd72d6c06ca089b1525e9d5ebf286dcb165665da7'
