# Managed by azldev component update. Do not edit manually.
version = 1
import-commit = '56f4c0a890c569be857627bd58888be871b9124d'
upstream-commit = '56f4c0a890c569be857627bd58888be871b9124d'
input-fingerprint = 'sha256:a0f32898eb6908a8074c2d85f5d77ee1c5d4241fb59d4946a3a493cc9b404159'
resolution-input-hash = 'sha256:466421704711c4fd3c71f0b2ed715a0e61d49e3e26f3a2637fee755795849c8e'
