# Managed by azldev component update. Do not edit manually.
version = 1
import-commit = 'ec3a8c26f3312d5d8c24c3e66d53cd8c75e416b3'
upstream-commit = 'ec3a8c26f3312d5d8c24c3e66d53cd8c75e416b3'
input-fingerprint = 'sha256:7c28a81998ea8835ada261c370411042b93fcca18221d29b88fdc64e0bccea1a'
resolution-input-hash = 'sha256:466421704711c4fd3c71f0b2ed715a0e61d49e3e26f3a2637fee755795849c8e'
